
Microsoft Visual Studio Solution File, Format Version 12.00
# Visual Studio Version 16
VisualStudioVersion = 16.0.32228.343
MinimumVisualStudioVersion = 10.0.40219.1
Project("{FAE04EC0-301F-11D3-BF4B-00C04F79EFBC}") = "ModelCreationPlugin3", "ModelCreationPlugin3\ModelCreationPlugin3.csproj", "{F202B095-074B-45B8-AA8F-95BD94CAA412}"
EndProject
Global
	GlobalSection(SolutionConfigurationPlatforms) = preSolution
		Debug|Any CPU = Debug|Any CPU
		Release|Any CPU = Release|Any CPU
	EndGlobalSection
	GlobalSection(ProjectConfigurationPlatforms) = postSolution
		{F202B095-074B-45B8-AA8F-95BD94CAA412}.Debug|Any CPU.ActiveCfg = Debug|Any CPU
		{F202B095-074B-45B8-AA8F-95BD94CAA412}.Debug|Any CPU.Build.0 = Debug|Any CPU
		{F202B095-074B-45B8-AA8F-95BD94CAA412}.Release|Any CPU.ActiveCfg = Release|Any CPU
		{F202B095-074B-45B8-AA8F-95BD94CAA412}.Release|Any CPU.Build.0 = Release|Any CPU
	EndGlobalSection
	GlobalSection(SolutionProperties) = preSolution
		HideSolutionNode = FALSE
	EndGlobalSection
	GlobalSection(ExtensibilityGlobals) = postSolution
		SolutionGuid = {B29D0FE9-9A0E-4C26-B66B-A0EDC959A596}
	EndGlobalSection
EndGlobal
